version = 1
revision = 3
requires-python = ">=3.14"

[[package]]
name = "datasciencetemplate"
version = "0.1.0"
source = { editable = "." }
dependencies = [
    { name = "polars", extra = ["excel"] },
]

[package.metadata]
requires-dist = [{ name = "polars", extras = ["excel"], specifier = ">=1.41.0" }]

[[package]]
name = "et-xmlfile"
version = "2.0.0"
source = { registry = "https://pypi.org/simple" }
sdist = { url = "https://files.pythonhosted.org/packages/d3/38/af70d7ab1ae9d4da450eeec1fa3918940a5fafb9055e934af8d6eb0c2313/et_xmlfile-2.0.0.tar.gz", hash = "sha256:dab3f4764309081ce75662649be815c4c9081e88f0837825f90fd28317d4da54", size = 17234, upload-time = "2024-10-25T17:25:40.039Z" }
wheels = [
    { url = "https://files.pythonhosted.org/packages/c1/8b/5fe2cc11fee489817272089c4203e679c63b570a5aaeb18d852ae3cbba6a/et_xmlfile-2.0.0-py3-none-any.whl", hash = "sha256:7a91720bc756843502c3b7504c77b8fe44217c85c537d85037f0f536151b2caa", size = 18059, upload-time = "2024-10-25T17:25:39.051Z" },
]

[[package]]
name = "fastexcel"
version = "0.20.2"
source = { registry = "https://pypi.org/simple" }
sdist = { url = "https://files.pythonhosted.org/packages/96/96/24314765a3204081a55ecc96e83dfdbd2ef82aa80a521ac3005b2c91e941/fastexcel-0.20.2.tar.gz", hash = "sha256:a4be10eb0f4dd819d2b36950b3f26bf87260b53e54150ac02b78e524c7063902", size = 60862, upload-time = "2026-05-04T12:28:36.01Z" }
wheels = [
    { url = "https://files.pythonhosted.org/packages/29/29/acc5b2eb95fb4eaeb3486b6f034f2d9754dcc0cc0b5dbc79b2fa9a31f66b/fastexcel-0.20.2-cp310-abi3-macosx_10_12_x86_64.whl", hash = "sha256:2a240b9f4b6af42cafc247c1b8c956cf32f5393a3956ad0ed49e07b2b5bf0e09", size = 3432179, upload-time = "2026-05-04T12:28:24.611Z" },
    { url = "https://files.pythonhosted.org/packages/3f/2b/f78a2df2d93ec4a23d7fc94ed967bf004d5115e1f4d2da389bb888d2cc32/fastexcel-0.20.2-cp310-abi3-macosx_11_0_arm64.whl", hash = "sha256:6c7e58cf83c873743c18006e3866d5c2b69c34df7a4a253a72e81169853ddf0e", size = 3260476, upload-time = "2026-05-04T12:28:26.191Z" },
    { url = "https://files.pythonhosted.org/packages/36/9c/a8f45e5c195a70a408893b348595bae4c113091dddba7d1b029e9c980b8e/fastexcel-0.20.2-cp310-abi3-manylinux_2_17_aarch64.manylinux2014_aarch64.whl", hash = "sha256:cdab3cc439c18c4ee14c4ec2b321e1d927cae84f557525f390a3c28517f6e721", size = 3625132, upload-time = "2026-05-04T12:28:12.173Z" },
    { url = "https://files.pythonhosted.org/packages/b4/01/da0ae9b3ee86daca5ac9f0a7b05477cf0c1624321d95f1e52492a772dba5/fastexcel-0.20.2-cp310-abi3-manylinux_2_17_x86_64.manylinux2014_x86_64.whl", hash = "sha256:15d41bcc4433bb3ab778426ecaeaf3a5f38d949555c631a83e958c57bb0a116e", size = 3789901, upload-time = "2026-05-04T12:28:13.884Z" },
    { url = "https://files.pythonhosted.org/packages/c5/15/80c614c8b07c631c7c2acd015e7f2e1cd683cd04279e5615b39c36a0e43b/fastexcel-0.20.2-cp310-abi3-musllinux_1_2_aarch64.whl", hash = "sha256:441f9b7e97b4fd1c9487e5c0a0d9cad7aa4097a39e65fcd494551f5ec3e5d02f", size = 3792388, upload-time = "2026-05-04T12:28:15.448Z" },
    { url = "https://files.pythonhosted.org/packages/c0/80/4548305ce4d70a0ecf38205988e5caeb9347dae7e5d06bcd2b939586fc52/fastexcel-0.20.2-cp310-abi3-musllinux_1_2_x86_64.whl", hash = "sha256:8b15f21baef3e4914071e34f176d8692dd79e3464c10f8373047aab1384cfaae", size = 3960316, upload-time = "2026-05-04T12:28:16.821Z" },
    { url = "https://files.pythonhosted.org/packages/22/b3/7de6b49406fda63c9fee817d5fc70fe3f52c24431605f1de2f7b0f3a0938/fastexcel-0.20.2-cp310-abi3-win_amd64.whl", hash = "sha256:ce28748390ae6a7d286ba29d8ee2badcfb6478d32ed700db6c2030de32a16e7b", size = 3275637, upload-time = "2026-05-04T12:28:30.45Z" },
    { url = "https://files.pythonhosted.org/packages/d8/3b/c251f38596d630e87280c191f53803e7409e7723e95e53a477f6760c7298/fastexcel-0.20.2-cp310-abi3-win_arm64.whl", hash = "sha256:c3e58f5053bc05b0ee8fa735056cea7af6e1c41c39fc4b2b06cc86c1025d140b", size = 2990952, upload-time = "2026-05-04T12:28:32.434Z" },
    { url = "https://files.pythonhosted.org/packages/37/d3/fcc1ba752415327f0fd5a1b52060e66f1c0bf8b7b90bbba781b91750ce7e/fastexcel-0.20.2-cp314-cp314t-macosx_10_12_x86_64.whl", hash = "sha256:e5b677d669cc7c099998ef27d9442b78d7190916d3b40418bda619cdc4ebae2c", size = 3427401, upload-time = "2026-05-04T12:28:27.741Z" },
    { url = "https://files.pythonhosted.org/packages/80/bc/e492c343c096e93e269c157fc11def297430047f1ee09db4f8a39bcdc1a0/fastexcel-0.20.2-cp314-cp314t-macosx_11_0_arm64.whl", hash = "sha256:9692ac135ede4d6fc45b25cc22f1c6bd1eb8750bda14097b7f319450c33d3124", size = 3253915, upload-time = "2026-05-04T12:28:29.053Z" },
    { url = "https://files.pythonhosted.org/packages/dd/ef/bd7b98149b50e01fdaa3b146b025ce50b8e983f35522f8e69bd94d2711a4/fastexcel-0.20.2-cp314-cp314t-manylinux_2_17_aarch64.manylinux2014_aarch64.whl", hash = "sha256:675d7eab2110bd8d5520b98d5eb3f3e15173b69a5f64b43412f917e9717e9aa0", size = 3621364, upload-time = "2026-05-04T12:28:18.457Z" },
    { url = "https://files.pythonhosted.org/packages/4c/e0/f67911db6515df326900e8ac1ae17cc08233ca5fb8f71c633f57a50cf786/fastexcel-0.20.2-cp314-cp314t-manylinux_2_17_x86_64.manylinux2014_x86_64.whl", hash = "sha256:db049d51e5323459f534ce9a65869f997bebd4dde75ef1d3b3af53dd64b8b9ca", size = 3784924, upload-time = "2026-05-04T12:28:19.955Z" },
    { url = "https://files.pythonhosted.org/packages/34/82/fabe2d1de28e89a90bb2c884c37d862b5d85063fd41fffcb56b2980d0b51/fastexcel-0.20.2-cp314-cp314t-musllinux_1_2_aarch64.whl", hash = "sha256:e5b23f69898f6a32c2f279d8f72eb8ac93c336bf7f453a9b8930cab9dc494520", size = 3791264, upload-time = "2026-05-04T12:28:21.612Z" },
    { url = "https://files.pythonhosted.org/packages/f7/34/b3ed819dd6d35d71c6640ff857c6362d42f19e8b15354e64b06f355df3a4/fastexcel-0.20.2-cp314-cp314t-musllinux_1_2_x86_64.whl", hash = "sha256:c3058d034e75967b6f01e0c82767adeb40cbf4533b6bc54e3b93f77f5f80dec4", size = 3953234, upload-time = "2026-05-04T12:28:23.224Z" },
    { url = "https://files.pythonhosted.org/packages/3a/51/1d9a72473cc213d5647d8cf7c2393ef995b3453ac5e4b544ba652d1428dd/fastexcel-0.20.2-cp314-cp314t-win_amd64.whl", hash = "sha256:d71e2a1fce006cb8bc1ae06da6ff5e5fe83e6496be5aef01b623b15aa0d0f82d", size = 3271344, upload-time = "2026-05-04T12:28:34.443Z" },
]

[[package]]
name = "openpyxl"
version = "3.1.5"
source = { registry = "https://pypi.org/simple" }
dependencies = [
    { name = "et-xmlfile" },
]
sdist = { url = "https://files.pythonhosted.org/packages/3d/f9/88d94a75de065ea32619465d2f77b29a0469500e99012523b91cc4141cd1/openpyxl-3.1.5.tar.gz", hash = "sha256:cf0e3cf56142039133628b5acffe8ef0c12bc902d2aadd3e0fe5878dc08d1050", size = 186464, upload-time = "2024-06-28T14:03:44.161Z" }
wheels = [
    { url = "https://files.pythonhosted.org/packages/c0/da/977ded879c29cbd04de313843e76868e6e13408a94ed6b987245dc7c8506/openpyxl-3.1.5-py2.py3-none-any.whl", hash = "sha256:5282c12b107bffeef825f4617dc029afaf41d0ea60823bbb665ef3079dc79de2", size = 250910, upload-time = "2024-06-28T14:03:41.161Z" },
]

[[package]]
name = "polars"
version = "1.41.0"
source = { registry = "https://pypi.org/simple" }
dependencies = [
    { name = "polars-runtime-32" },
]
sdist = { url = "https://files.pythonhosted.org/packages/a2/13/fe30b3e2f9ab54a27d82af04fb2edc51c7342cbaa88815e175769a9f5901/polars-1.41.0.tar.gz", hash = "sha256:7cb5465eb66eb868fde779bf5c41c9f2f244481d72c52133e8ed10ba64372e4f", size = 737530, upload-time = "2026-05-22T20:20:56.209Z" }
wheels = [
    { url = "https://files.pythonhosted.org/packages/c3/c8/5807714256c5f3de08593113df17f14f99417a451cb2d91530ad94785003/polars-1.41.0-py3-none-any.whl", hash = "sha256:35dcd24de88a198dc50929924f064ba12a0a0a4a3e77e116689491b4b3ab58ac", size = 832953, upload-time = "2026-05-22T20:19:30.958Z" },
]

[package.optional-dependencies]
excel = [
    { name = "fastexcel" },
    { name = "openpyxl" },
    { name = "xlsx2csv" },
    { name = "xlsxwriter" },
]

[[package]]
name = "polars-runtime-32"
version = "1.41.0"
source = { registry = "https://pypi.org/simple" }
sdist = { url = "https://files.pythonhosted.org/packages/1e/8f/30dc715ea1135b4b80397edf33fe7b1bb124850e96e38d9918e2b3d6d0b0/polars_runtime_32-1.41.0.tar.gz", hash = "sha256:37ffbe5414f14bf43bcc8e08a0386c97c692e3fd4e87af74529d7f14b1b2d1cb", size = 2985826, upload-time = "2026-05-22T20:20:57.622Z" }
wheels = [
    { url = "https://files.pythonhosted.org/packages/5f/e7/9d1630d666eca6a67e2096c0ed2c0e18f1355fe440043fd0830de1b71ab6/polars_runtime_32-1.41.0-cp310-abi3-macosx_10_12_x86_64.whl", hash = "sha256:766b60c74550382731b604ed62a385a8403b341bf18282d3fd2f746fa3c4cafd", size = 52163350, upload-time = "2026-05-22T20:19:34.431Z" },
    { url = "https://files.pythonhosted.org/packages/11/b3/01538d51cd2790729ae13c23db44bc787bdfe20867faeb1087afc390c53b/polars_runtime_32-1.41.0-cp310-abi3-macosx_11_0_arm64.whl", hash = "sha256:bee0d294daca79cedd5749e1bf3373c2d4107eb849fe544a60df6c08abc972ce", size = 46474331, upload-time = "2026-05-22T20:19:37.936Z" },
    { url = "https://files.pythonhosted.org/packages/79/29/efa82e1b3e6711f254df3793f3d3fd99f26ef1bcaffa6533266fa6522de4/polars_runtime_32-1.41.0-cp310-abi3-manylinux_2_17_aarch64.manylinux2014_aarch64.whl", hash = "sha256:08b3f915468bf00d327b4a1236935a4ec3174dcb163785fcd98185ad1319a503", size = 50358997, upload-time = "2026-05-22T20:19:42.209Z" },
    { url = "https://files.pythonhosted.org/packages/53/18/5a04b06b773047cbf43912ab802eef3c1d50ef7e66d51a41b16726f9bc62/polars_runtime_32-1.41.0-cp310-abi3-manylinux_2_17_x86_64.manylinux2014_x86_64.whl", hash = "sha256:e72269f768c57229190dba0cb5abb8a1b228e96cc6331273a77a7957576885bd", size = 56332032, upload-time = "2026-05-22T20:19:45.928Z" },
    { url = "https://files.pythonhosted.org/packages/2b/d5/d728ce7a39ea925555db7d2c9f7b5df3ca17568e483db6501783f653e0b9/polars_runtime_32-1.41.0-cp310-abi3-musllinux_1_2_aarch64.whl", hash = "sha256:1532c7560a5c0fd06943080ee42aade721f186becdfbb1baafa622e3199c3b62", size = 50529017, upload-time = "2026-05-22T20:19:49.489Z" },
    { url = "https://files.pythonhosted.org/packages/0b/92/6b2092dfed4278f636499217767204fce19ed72695690e2c4eba99e2892e/polars_runtime_32-1.41.0-cp310-abi3-musllinux_1_2_x86_64.whl", hash = "sha256:43368d8a754ee274f1e1099a7c09aae59cd69d22b8a6f83c0f782a00cd3a6662", size = 54244707, upload-time = "2026-05-22T20:19:52.852Z" },
    { url = "https://files.pythonhosted.org/packages/4b/6e/46b43be0f5becbef65843f438de3950ac6f8d0fa0008d7de0025eed00097/polars_runtime_32-1.41.0-cp310-abi3-win_amd64.whl", hash = "sha256:a9bd6095ecadc6799d166b9e8f7183a7ca8ba0a5aef8a426ec41df8ed8b09df7", size = 51918379, upload-time = "2026-05-22T20:19:55.832Z" },
    { url = "https://files.pythonhosted.org/packages/a3/da/30f15f0c3959b70e7a6583eccd37140a30b5c643ca374792d150b3a357df/polars_runtime_32-1.41.0-cp310-abi3-win_arm64.whl", hash = "sha256:ed922400f0eb393345fd7b6874b150eb943af2b816297a3dde03735cb5f3de08", size = 45921961, upload-time = "2026-05-22T20:19:59.525Z" },
]

[[package]]
name = "xlsx2csv"
version = "0.8.6"
source = { registry = "https://pypi.org/simple" }
sdist = { url = "https://files.pythonhosted.org/packages/62/36/9d53c4a72dcdc08fcf46f3d02f71f22bc693bb66e87bd935e0c9668500ad/xlsx2csv-0.8.6.tar.gz", hash = "sha256:618fc502612860de8ab8e3d6195e99ef332fffc68337f6b89e59690aad0d20b5", size = 228308, upload-time = "2026-01-30T15:59:08.47Z" }
wheels = [
    { url = "https://files.pythonhosted.org/packages/f4/d6/9fd7e753a927cb11d039848a659124e6ec4cfe008704bb2790df7712c36d/xlsx2csv-0.8.6-py3-none-any.whl", hash = "sha256:415341e348b4c474cc84a4c23c4d116e0be07c89be6a84c5fde5e4c948db1943", size = 17204, upload-time = "2026-01-31T10:35:20.653Z" },
]

[[package]]
name = "xlsxwriter"
version = "3.2.9"
source = { registry = "https://pypi.org/simple" }
sdist = { url = "https://files.pythonhosted.org/packages/46/2c/c06ef49dc36e7954e55b802a8b231770d286a9758b3d936bd1e04ce5ba88/xlsxwriter-3.2.9.tar.gz", hash = "sha256:254b1c37a368c444eac6e2f867405cc9e461b0ed97a3233b2ac1e574efb4140c", size = 215940, upload-time = "2025-09-16T00:16:21.63Z" }
wheels = [
    { url = "https://files.pythonhosted.org/packages/3a/0c/3662f4a66880196a590b202f0db82d919dd2f89e99a27fadef91c4a33d41/xlsxwriter-3.2.9-py3-none-any.whl", hash = "sha256:9a5db42bc5dff014806c58a20b9eae7322a134abb6fce3c92c181bfb275ec5b3", size = 175315, upload-time = "2025-09-16T00:16:20.108Z" },
]
